{
    "_readme": [
        "This file locks the dependencies of your project to a known state",
        "Read more about it at http://getcomposer.org/doc/01-basic-usage.md#composer-lock-the-lock-file",
        "This file is @generated automatically"
    ],
    "hash": "051c224c73013e95be5ef4a01f2d2f58",
    "packages": [
        {
            "name": "scan/kss-php",
            "version": "v1.0.0",
            "source": {
                "type": "git",
                "url": "https://github.com/scaninc/kss-php.git",
                "reference": "eb44330cc01c6f0202e3621644de1a18c6955d27"
            },
            "dist": {
                "type": "zip",
                "url": "https://api.github.com/repos/scaninc/kss-php/zipball/eb44330cc01c6f0202e3621644de1a18c6955d27",
                "reference": "eb44330cc01c6f0202e3621644de1a18c6955d27",
                "shasum": ""
            },
            "require": {
                "php": ">=5.3.3",
                "symfony/finder": "~2.1"
            },
            "require-dev": {
                "phpunit/phpunit": "~4.0"
            },
            "type": "library",
            "autoload": {
                "psr-4": {
                    "Scan\\Kss\\": "lib/"
                }
            },
            "notification-url": "https://packagist.org/downloads/",
            "license": [
                "MIT"
            ],
            "authors": [
                {
                    "name": "Russell Ahlstrom",
                    "email": "russell.ahlstrom@gmail.com",
                    "homepage": "http://russell.ahlstromology.com"
                }
            ],
            "description": "A PHP implementation of KSS: a methodology for documenting CSS and generating styleguides",
            "keywords": [
                "css documentation",
                "kss",
                "styleguide"
            ],
            "time": "2014-08-18 19:04:07"
        },
        {
            "name": "symfony/finder",
            "version": "v2.6.4",
            "target-dir": "Symfony/Component/Finder",
            "source": {
                "type": "git",
                "url": "https://github.com/symfony/Finder.git",
                "reference": "16513333bca64186c01609961a2bb1b95b5e1355"
            },
            "dist": {
                "type": "zip",
                "url": "https://api.github.com/repos/symfony/Finder/zipball/16513333bca64186c01609961a2bb1b95b5e1355",
                "reference": "16513333bca64186c01609961a2bb1b95b5e1355",
                "shasum": ""
            },
            "require": {
                "php": ">=5.3.3"
            },
            "type": "library",
            "extra": {
                "branch-alias": {
                    "dev-master": "2.6-dev"
                }
            },
            "autoload": {
                "psr-0": {
                    "Symfony\\Component\\Finder\\": ""
                }
            },
            "notification-url": "https://packagist.org/downloads/",
            "license": [
                "MIT"
            ],
            "authors": [
                {
                    "name": "Symfony Community",
                    "homepage": "http://symfony.com/contributors"
                },
                {
                    "name": "Fabien Potencier",
                    "email": "fabien@symfony.com"
                }
            ],
            "description": "Symfony Finder Component",
            "homepage": "http://symfony.com",
            "time": "2015-01-03 08:01:59"
        },
        {
            "name": "twbs/bootstrap",
            "version": "v3.3.2",
            "source": {
                "type": "git",
                "url": "https://github.com/twbs/bootstrap.git",
                "reference": "bcf7dd38b5ab180256e2e4fb5da0369551b3f082"
            },
            "dist": {
                "type": "zip",
                "url": "https://api.github.com/repos/twbs/bootstrap/zipball/bcf7dd38b5ab180256e2e4fb5da0369551b3f082",
                "reference": "bcf7dd38b5ab180256e2e4fb5da0369551b3f082",
                "shasum": ""
            },
            "replace": {
                "twitter/bootstrap": "self.version"
            },
            "type": "library",
            "extra": {
                "branch-alias": {
                    "dev-master": "3.3.x-dev"
                }
            },
            "notification-url": "https://packagist.org/downloads/",
            "license": [
                "MIT"
            ],
            "authors": [
                {
                    "name": "Jacob Thornton",
                    "email": "jacobthornton@gmail.com"
                },
                {
                    "name": "Mark Otto",
                    "email": "markdotto@gmail.com"
                }
            ],
            "description": "The most popular front-end framework for developing responsive, mobile first projects on the web.",
            "homepage": "http://getbootstrap.com",
            "keywords": [
                "JS",
                "css",
                "framework",
                "front-end",
                "less",
                "mobile-first",
                "responsive",
                "web"
            ],
            "time": "2015-01-19 17:03:09"
        }
    ],
    "packages-dev": [],
    "aliases": [],
    "minimum-stability": "stable",
    "stability-flags": [],
    "prefer-stable": false,
    "prefer-lowest": false,
    "platform": {
        "php": ">=5.3.3"
    },
    "platform-dev": []
}
